// !$*UTF8*$!
{
	archiveVersion = 1;
	classes = {
	};
	objectVersion = 56;
	objects = {

/* Begin PBXBuildFile section */
		C89C7A7329E2F92B0004223B /* AppDelegate.swift in Sources */ = {isa = PBXBuildFile; fileRef = C89C7A7229E2F92B0004223B /* AppDelegate.swift */; };
		C89C7A7529E2F92B0004223B /* SceneDelegate.swift in Sources */ = {isa = PBXBuildFile; fileRef = C89C7A7429E2F92B0004223B /* SceneDelegate.swift */; };
		C89C7A7729E2F92B0004223B /* ViewController.swift in Sources */ = {isa = PBXBuildFile; fileRef = C89C7A7629E2F92B0004223B /* ViewController.swift */; };
		C89C7A7C29E2F92B0004223B /* Assets.xcassets in Resources */ = {isa = PBXBuildFile; fileRef = C89C7A7B29E2F92B0004223B /* Assets.xcassets */; };
		C89C7A7F29E2F92B0004223B /* LaunchScreen.storyboard in Resources */ = {isa = PBXBuildFile; fileRef = C89C7A7D29E2F92B0004223B /* LaunchScreen.storyboard */; };
		C89C7A8C29E304630004223B /* TabBarController.swift in Sources */ = {isa = PBXBuildFile; fileRef = C89C7A8B29E304630004223B /* TabBarController.swift */; };
		C89C7A9029E305900004223B /* UIColor + Extension.swift in Sources */ = {isa = PBXBuildFile; fileRef = C89C7A8F29E305900004223B /* UIColor + Extension.swift */; };
		C89C7A9229E306DB0004223B /* Resources.swift in Sources */ = {isa = PBXBuildFile; fileRef = C89C7A9129E306DB0004223B /* Resources.swift */; };
/* End PBXBuildFile section */

/* Begin PBXFileReference section */
		C89C7A6F29E2F92B0004223B /* Workout App.app */ = {isa = PBXFileReference; explicitFileType = wrapper.application; includeInIndex = 0; path = "Workout App.app"; sourceTree = BUILT_PRODUCTS_DIR; };
		C89C7A7229E2F92B0004223B /* AppDelegate.swift */ = {isa = PBXFileReference; lastKnownFileType = sourcecode.swift; path = AppDelegate.swift; sourceTree = "<group>"; };
		C89C7A7429E2F92B0004223B /* SceneDelegate.swift */ = {isa = PBXFileReference; lastKnownFileType = sourcecode.swift; path = SceneDelegate.swift; sourceTree = "<group>"; };
		C89C7A7629E2F92B0004223B /* ViewController.swift */ = {isa = PBXFileReference; lastKnownFileType = sourcecode.swift; path = ViewController.swift; sourceTree = "<group>"; };
		C89C7A7B29E2F92B0004223B /* Assets.xcassets */ = {isa = PBXFileReference; lastKnownFileType = folder.assetcatalog; path = Assets.xcassets; sourceTree = "<group>"; };
		C89C7A7E29E2F92B0004223B /* Base */ = {isa = PBXFileReference; lastKnownFileType = file.storyboard; name = Base; path = Base.lproj/LaunchScreen.storyboard; sourceTree = "<group>"; };
		C89C7A8029E2F92B0004223B /* Info.plist */ = {isa = PBXFileReference; lastKnownFileType = text.plist.xml; path = Info.plist; sourceTree = "<group>"; };
		C89C7A8B29E304630004223B /* TabBarController.swift */ = {isa = PBXFileReference; lastKnownFileType = sourcecode.swift; path = TabBarController.swift; sourceTree = "<group>"; };
		C89C7A8F29E305900004223B /* UIColor + Extension.swift */ = {isa = PBXFileReference; lastKnownFileType = sourcecode.swift; path = "UIColor + Extension.swift"; sourceTree = "<group>"; };
		C89C7A9129E306DB0004223B /* Resources.swift */ = {isa = PBXFileReference; lastKnownFileType = sourcecode.swift; path = Resources.swift; sourceTree = "<group>"; };
/* End PBXFileReference section */

/* Begin PBXFrameworksBuildPhase section */
		C89C7A6C29E2F92B0004223B /* Frameworks */ = {
			isa = PBXFrameworksBuildPhase;
			buildActionMask = 2147483647;
			files = (
			);
			runOnlyForDeploymentPostprocessing = 0;
		};
/* End PBXFrameworksBuildPhase section */

/* Begin PBXGroup section */
		C89C7A6629E2F92B0004223B = {
			isa = PBXGroup;
			children = (
				C89C7A7129E2F92B0004223B /* Workout App */,
				C89C7A7029E2F92B0004223B /* Products */,
			);
			sourceTree = "<group>";
		};
		C89C7A7029E2F92B0004223B /* Products */ = {
			isa = PBXGroup;
			children = (
				C89C7A6F29E2F92B0004223B /* Workout App.app */,
			);
			name = Products;
			sourceTree = "<group>";
		};
		C89C7A7129E2F92B0004223B /* Workout App */ = {
			isa = PBXGroup;
			children = (
				C89C7A8629E2F9320004223B /* Resource */,
				C89C7A8729E2F93A0004223B /* Source */,
			);
			path = "Workout App";
			sourceTree = "<group>";
		};
		C89C7A8629E2F9320004223B /* Resource */ = {
			isa = PBXGroup;
			children = (
				C89C7A7B29E2F92B0004223B /* Assets.xcassets */,
				C89C7A8829E2F96E0004223B /* Configuration */,
			);
			path = Resource;
			sourceTree = "<group>";
		};
		C89C7A8729E2F93A0004223B /* Source */ = {
			isa = PBXGroup;
			children = (
				C89C7A8929E2F97D0004223B /* Application */,
				C89C7A8A29E2F98A0004223B /* Storyboard */,
				C89C7A8D29E305650004223B /* Helpers */,
				C89C7A7629E2F92B0004223B /* ViewController.swift */,
				C89C7A8B29E304630004223B /* TabBarController.swift */,
			);
			path = Source;
			sourceTree = "<group>";
		};
		C89C7A8829E2F96E0004223B /* Configuration */ = {
			isa = PBXGroup;
			children = (
				C89C7A8029E2F92B0004223B /* Info.plist */,
			);
			path = Configuration;
			sourceTree = "<group>";
		};
		C89C7A8929E2F97D0004223B /* Application */ = {
			isa = PBXGroup;
			children = (
				C89C7A7229E2F92B0004223B /* AppDelegate.swift */,
				C89C7A7429E2F92B0004223B /* SceneDelegate.swift */,
			);
			path = Application;
			sourceTree = "<group>";
		};
		C89C7A8A29E2F98A0004223B /* Storyboard */ = {
			isa = PBXGroup;
			children = (
				C89C7A7D29E2F92B0004223B /* LaunchScreen.storyboard */,
			);
			path = Storyboard;
			sourceTree = "<group>";
		};
		C89C7A8D29E305650004223B /* Helpers */ = {
			isa = PBXGroup;
			children = (
				C89C7A8E29E3056D0004223B /* Extensions */,
				C89C7A9129E306DB0004223B /* Resources.swift */,
			);
			path = Helpers;
			sourceTree = "<group>";
		};
		C89C7A8E29E3056D0004223B /* Extensions */ = {
			isa = PBXGroup;
			children = (
				C89C7A8F29E305900004223B /* UIColor + Extension.swift */,
			);
			path = Extensions;
			sourceTree = "<group>";
		};
/* End PBXGroup section */

/* Begin PBXNativeTarget section */
		C89C7A6E29E2F92B0004223B /* Workout App */ = {
			isa = PBXNativeTarget;
			buildConfigurationList = C89C7A8329E2F92B0004223B /* Build configuration list for PBXNativeTarget "Workout App" */;
			buildPhases = (
				C89C7A6B29E2F92B0004223B /* Sources */,
				C89C7A6C29E2F92B0004223B /* Frameworks */,
				C89C7A6D29E2F92B0004223B /* Resources */,
			);
			buildRules = (
			);
			dependencies = (
			);
			name = "Workout App";
			productName = "Workout App";
			productReference = C89C7A6F29E2F92B0004223B /* Workout App.app */;
			productType = "com.apple.product-type.application";
		};
/* End PBXNativeTarget section */

/* Begin PBXProject section */
		C89C7A6729E2F92B0004223B /* Project object */ = {
			isa = PBXProject;
			attributes = {
				BuildIndependentTargetsInParallel = 1;
				LastSwiftUpdateCheck = 1430;
				LastUpgradeCheck = 1430;
				TargetAttributes = {
					C89C7A6E29E2F92B0004223B = {
						CreatedOnToolsVersion = 14.3;
					};
				};
			};
			buildConfigurationList = C89C7A6A29E2F92B0004223B /* Build configuration list for PBXProject "Workout App" */;
			compatibilityVersion = "Xcode 14.0";
			developmentRegion = en;
			hasScannedForEncodings = 0;
			knownRegions = (
				en,
				Base,
			);
			mainGroup = C89C7A6629E2F92B0004223B;
			productRefGroup = C89C7A7029E2F92B0004223B /* Products */;
			projectDirPath = "";
			projectRoot = "";
			targets = (
				C89C7A6E29E2F92B0004223B /* Workout App */,
			);
		};
/* End PBXProject section */

/* Begin PBXResourcesBuildPhase section */
		C89C7A6D29E2F92B0004223B /* Resources */ = {
			isa = PBXResourcesBuildPhase;
			buildActionMask = 2147483647;
			files = (
				C89C7A7F29E2F92B0004223B /* LaunchScreen.storyboard in Resources */,
				C89C7A7C29E2F92B0004223B /* Assets.xcassets in Resources */,
			);
			runOnlyForDeploymentPostprocessing = 0;
		};
/* End PBXResourcesBuildPhase section */

/* Begin PBXSourcesBuildPhase section */
		C89C7A6B29E2F92B0004223B /* Sources */ = {
			isa = PBXSourcesBuildPhase;
			buildActionMask = 2147483647;
			files = (
				C89C7A7729E2F92B0004223B /* ViewController.swift in Sources */,
				C89C7A8C29E304630004223B /* TabBarController.swift in Sources */,
				C89C7A7329E2F92B0004223B /* AppDelegate.swift in Sources */,
				C89C7A9229E306DB0004223B /* Resources.swift in Sources */,
				C89C7A7529E2F92B0004223B /* SceneDelegate.swift in Sources */,
				C89C7A9029E305900004223B /* UIColor + Extension.swift in Sources */,
			);
			runOnlyForDeploymentPostprocessing = 0;
		};
/* End PBXSourcesBuildPhase section */

/* Begin PBXVariantGroup section */
		C89C7A7D29E2F92B0004223B /* LaunchScreen.storyboard */ = {
			isa = PBXVariantGroup;
			children = (
				C89C7A7E29E2F92B0004223B /* Base */,
			);
			name = LaunchScreen.storyboard;
			sourceTree = "<group>";
		};
/* End PBXVariantGroup section */

/* Begin XCBuildConfiguration section */
		C89C7A8129E2F92B0004223B /* Debug */ = {
			isa = XCBuildConfiguration;
			buildSettings = {
				ALWAYS_SEARCH_USER_PATHS = NO;
				CLANG_ANALYZER_NONNULL = YES;
				CLANG_ANALYZER_NUMBER_OBJECT_CONVERSION = YES_AGGRESSIVE;
				CLANG_CXX_LANGUAGE_STANDARD = "gnu++20";
				CLANG_ENABLE_MODULES = YES;
				CLANG_ENABLE_OBJC_ARC = YES;
				CLANG_ENABLE_OBJC_WEAK = YES;
				CLANG_WARN_BLOCK_CAPTURE_AUTORELEASING = YES;
				CLANG_WARN_BOOL_CONVERSION = YES;
				CLANG_WARN_COMMA = YES;
				CLANG_WARN_CONSTANT_CONVERSION = YES;
				CLANG_WARN_DEPRECATED_OBJC_IMPLEMENTATIONS = YES;
				CLANG_WARN_DIRECT_OBJC_ISA_USAGE = YES_ERROR;
				CLANG_WARN_DOCUMENTATION_COMMENTS = YES;
				CLANG_WARN_EMPTY_BODY = YES;
				CLANG_WARN_ENUM_CONVERSION = YES;
				CLANG_WARN_INFINITE_RECURSION = YES;
				CLANG_WARN_INT_CONVERSION = YES;
				CLANG_WARN_NON_LITERAL_NULL_CONVERSION = YES;
				CLANG_WARN_OBJC_IMPLICIT_RETAIN_SELF = YES;
				CLANG_WARN_OBJC_LITERAL_CONVERSION = YES;
				CLANG_WARN_OBJC_ROOT_CLASS = YES_ERROR;
				CLANG_WARN_QUOTED_INCLUDE_IN_FRAMEWORK_HEADER = YES;
				CLANG_WARN_RANGE_LOOP_ANALYSIS = YES;
				CLANG_WARN_STRICT_PROTOTYPES = YES;
				CLANG_WARN_SUSPICIOUS_MOVE = YES;
				CLANG_WARN_UNGUARDED_AVAILABILITY = YES_AGGRESSIVE;
				CLANG_WARN_UNREACHABLE_CODE = YES;
				CLANG_WARN__DUPLICATE_METHOD_MATCH = YES;
				COPY_PHASE_STRIP = NO;
				DEBUG_INFORMATION_FORMAT = dwarf;
				ENABLE_STRICT_OBJC_MSGSEND = YES;
				ENABLE_TESTABILITY = YES;
				GCC_C_LANGUAGE_STANDARD = gnu11;
				GCC_DYNAMIC_NO_PIC = NO;
				GCC_NO_COMMON_BLOCKS = YES;
				GCC_OPTIMIZATION_LEVEL = 0;
				GCC_PREPROCESSOR_DEFINITIONS = (
					"DEBUG=1",
					"$(inherited)",
				);
				GCC_WARN_64_TO_32_BIT_CONVERSION = YES;
				GCC_WARN_ABOUT_RETURN_TYPE = YES_ERROR;
				GCC_WARN_UNDECLARED_SELECTOR = YES;
				GCC_WARN_UNINITIALIZED_AUTOS = YES_AGGRESSIVE;
				GCC_WARN_UNUSED_FUNCTION = YES;
				GCC_WARN_UNUSED_VARIABLE = YES;
				IPHONEOS_DEPLOYMENT_TARGET = 16.4;
				MTL_ENABLE_DEBUG_INFO = INCLUDE_SOURCE;
				MTL_FAST_MATH = YES;
				ONLY_ACTIVE_ARCH = YES;
				SDKROOT = iphoneos;
				SWIFT_ACTIVE_COMPILATION_CONDITIONS = DEBUG;
				SWIFT_OPTIMIZATION_LEVEL = "-Onone";
			};
			name = Debug;
		};
		C89C7A8229E2F92B0004223B /* Release */ = {
			isa = XCBuildConfiguration;
			buildSettings = {
				ALWAYS_SEARCH_USER_PATHS = NO;
				CLANG_ANALYZER_NONNULL = YES;
				CLANG_ANALYZER_NUMBER_OBJECT_CONVERSION = YES_AGGRESSIVE;
				CLANG_CXX_LANGUAGE_STANDARD = "gnu++20";
				CLANG_ENABLE_MODULES = YES;
				CLANG_ENABLE_OBJC_ARC = YES;
				CLANG_ENABLE_OBJC_WEAK = YES;
				CLANG_WARN_BLOCK_CAPTURE_AUTORELEASING = YES;
				CLANG_WARN_BOOL_CONVERSION = YES;
				CLANG_WARN_COMMA = YES;
				CLANG_WARN_CONSTANT_CONVERSION = YES;
				CLANG_WARN_DEPRECATED_OBJC_IMPLEMENTATIONS = YES;
				CLANG_WARN_DIRECT_OBJC_ISA_USAGE = YES_ERROR;
				CLANG_WARN_DOCUMENTATION_COMMENTS = YES;
				CLANG_WARN_EMPTY_BODY = YES;
				CLANG_WARN_ENUM_CONVERSION = YES;
				CLANG_WARN_INFINITE_RECURSION = YES;
				CLANG_WARN_INT_CONVERSION = YES;
				CLANG_WARN_NON_LITERAL_NULL_CONVERSION = YES;
				CLANG_WARN_OBJC_IMPLICIT_RETAIN_SELF = YES;
				CLANG_WARN_OBJC_LITERAL_CONVERSION = YES;
				CLANG_WARN_OBJC_ROOT_CLASS = YES_ERROR;
				CLANG_WARN_QUOTED_INCLUDE_IN_FRAMEWORK_HEADER = YES;
				CLANG_WARN_RANGE_LOOP_ANALYSIS = YES;
				CLANG_WARN_STRICT_PROTOTYPES = YES;
				CLANG_WARN_SUSPICIOUS_MOVE = YES;
				CLANG_WARN_UNGUARDED_AVAILABILITY = YES_AGGRESSIVE;
				CLANG_WARN_UNREACHABLE_CODE = YES;
				CLANG_WARN__DUPLICATE_METHOD_MATCH = YES;
				COPY_PHASE_STRIP = NO;
				DEBUG_INFORMATION_FORMAT = "dwarf-with-dsym";
				ENABLE_NS_ASSERTIONS = NO;
				ENABLE_STRICT_OBJC_MSGSEND = YES;
				GCC_C_LANGUAGE_STANDARD = gnu11;
				GCC_NO_COMMON_BLOCKS = YES;
				GCC_WARN_64_TO_32_BIT_CONVERSION = YES;
				GCC_WARN_ABOUT_RETURN_TYPE = YES_ERROR;
				GCC_WARN_UNDECLARED_SELECTOR = YES;
				GCC_WARN_UNINITIALIZED_AUTOS = YES_AGGRESSIVE;
				GCC_WARN_UNUSED_FUNCTION = YES;
				GCC_WARN_UNUSED_VARIABLE = YES;
				IPHONEOS_DEPLOYMENT_TARGET = 16.4;
				MTL_ENABLE_DEBUG_INFO = NO;
				MTL_FAST_MATH = YES;
				SDKROOT = iphoneos;
				SWIFT_COMPILATION_MODE = wholemodule;
				SWIFT_OPTIMIZATION_LEVEL = "-O";
				VALIDATE_PRODUCT = YES;
			};
			name = Release;
		};
		C89C7A8429E2F92B0004223B /* Debug */ = {
			isa = XCBuildConfiguration;
			buildSettings = {
				ASSETCATALOG_COMPILER_APPICON_NAME = AppIcon;
				ASSETCATALOG_COMPILER_GLOBAL_ACCENT_COLOR_NAME = AccentColor;
				CODE_SIGN_STYLE = Automatic;
				CURRENT_PROJECT_VERSION = 1;
				DEVELOPMENT_TEAM = C2VWB77N8G;
				GENERATE_INFOPLIST_FILE = YES;
				INFOPLIST_FILE = "Workout App/Resource/Configuration/Info.plist";
				INFOPLIST_KEY_UIApplicationSupportsIndirectInputEvents = YES;
				INFOPLIST_KEY_UILaunchStoryboardName = LaunchScreen;
				INFOPLIST_KEY_UIMainStoryboardFile = "";
				INFOPLIST_KEY_UISupportedInterfaceOrientations_iPad = "UIInterfaceOrientationPortrait UIInterfaceOrientationPortraitUpsideDown UIInterfaceOrientationLandscapeLeft UIInterfaceOrientationLandscapeRight";
				INFOPLIST_KEY_UISupportedInterfaceOrientations_iPhone = "UIInterfaceOrientationPortrait UIInterfaceOrientationLandscapeLeft UIInterfaceOrientationLandscapeRight";
				LD_RUNPATH_SEARCH_PATHS = (
					"$(inherited)",
					"@executable_path/Frameworks",
				);
				MARKETING_VERSION = 1.0;
				PRODUCT_BUNDLE_IDENTIFIER = "kz.Workout-App";
				PRODUCT_NAME = "$(TARGET_NAME)";
				SWIFT_EMIT_LOC_STRINGS = YES;
				SWIFT_VERSION = 5.0;
				TARGETED_DEVICE_FAMILY = "1,2";
			};
			name = Debug;
		};
		C89C7A8529E2F92B0004223B /* Release */ = {
			isa = XCBuildConfiguration;
			buildSettings = {
				ASSETCATALOG_COMPILER_APPICON_NAME = AppIcon;
				ASSETCATALOG_COMPILER_GLOBAL_ACCENT_COLOR_NAME = AccentColor;
				CODE_SIGN_STYLE = Automatic;
				CURRENT_PROJECT_VERSION = 1;
				DEVELOPMENT_TEAM = C2VWB77N8G;
				GENERATE_INFOPLIST_FILE = YES;
				INFOPLIST_FILE = "Workout App/Resource/Configuration/Info.plist";
				INFOPLIST_KEY_UIApplicationSupportsIndirectInputEvents = YES;
				INFOPLIST_KEY_UILaunchStoryboardName = LaunchScreen;
				INFOPLIST_KEY_UIMainStoryboardFile = "";
				INFOPLIST_KEY_UISupportedInterfaceOrientations_iPad = "UIInterfaceOrientationPortrait UIInterfaceOrientationPortraitUpsideDown UIInterfaceOrientationLandscapeLeft UIInterfaceOrientationLandscapeRight";
				INFOPLIST_KEY_UISupportedInterfaceOrientations_iPhone = "UIInterfaceOrientationPortrait UIInterfaceOrientationLandscapeLeft UIInterfaceOrientationLandscapeRight";
				LD_RUNPATH_SEARCH_PATHS = (
					"$(inherited)",
					"@executable_path/Frameworks",
				);
				MARKETING_VERSION = 1.0;
				PRODUCT_BUNDLE_IDENTIFIER = "kz.Workout-App";
				PRODUCT_NAME = "$(TARGET_NAME)";
				SWIFT_EMIT_LOC_STRINGS = YES;
				SWIFT_VERSION = 5.0;
				TARGETED_DEVICE_FAMILY = "1,2";
			};
			name = Release;
		};
/* End XCBuildConfiguration section */

/* Begin XCConfigurationList section */
		C89C7A6A29E2F92B0004223B /* Build configuration list for PBXProject "Workout App" */ = {
			isa = XCConfigurationList;
			buildConfigurations = (
				C89C7A8129E2F92B0004223B /* Debug */,
				C89C7A8229E2F92B0004223B /* Release */,
			);
			defaultConfigurationIsVisible = 0;
			defaultConfigurationName = Release;
		};
		C89C7A8329E2F92B0004223B /* Build configuration list for PBXNativeTarget "Workout App" */ = {
			isa = XCConfigurationList;
			buildConfigurations = (
				C89C7A8429E2F92B0004223B /* Debug */,
				C89C7A8529E2F92B0004223B /* Release */,
			);
			defaultConfigurationIsVisible = 0;
			defaultConfigurationName = Release;
		};
/* End XCConfigurationList section */
	};
	rootObject = C89C7A6729E2F92B0004223B /* Project object */;
}
